# THIS IS AN AUTOGENERATED FILE. DO NOT EDIT THIS FILE DIRECTLY.
# yarn lockfile v1


"@types/cordova@^0.0.34":
  "integrity" "sha512-rkiiTuf/z2wTd4RxFOb+clE7PF4AEJU0hsczbUdkHHBtkUmpWQpEddynNfJYKYtZFJKbq4F+brfekt1kx85IZA=="
  "resolved" "https://registry.npmjs.org/@types/cordova/-/cordova-0.0.34.tgz"
  "version" "0.0.34"

"typescript@^4.8.2":
  "integrity" "sha512-C0I1UsrrDHo2fYI5oaCGbSejwX4ch+9Y5jTQELvovfmFkK3HHSZJB8MSJcWLmCUBzQBchCrZ9rMRV6GuNrvGtw=="
  "resolved" "https://registry.npmjs.org/typescript/-/typescript-4.8.2.tgz"
  "version" "4.8.2"
